
Microsoft Visual Studio Solution File, Format Version 12.00
# Visual Studio Version 17
VisualStudioVersion = 17.9.34701.34
MinimumVisualStudioVersion = 10.0.40219.1
Project("{FAE04EC0-301F-11D3-BF4B-00C04F79EFBC}") = "ReactAppBookstore.Server", "ReactAppBookstore.Server\ReactAppBookstore.Server.csproj", "{D3EFD577-437A-4296-8F42-9E7E82CDFDBE}"
EndProject
Project("{54A90642-561A-4BB1-A94E-469ADEE60C69}") = "reactappbookstore.client", "reactappbookstore.client\reactappbookstore.client.esproj", "{EC9A22C7-AB16-4C5F-8321-23A089592F1D}"
EndProject
Global
	GlobalSection(SolutionConfigurationPlatforms) = preSolution
		Debug|Any CPU = Debug|Any CPU
		Release|Any CPU = Release|Any CPU
	EndGlobalSection
	GlobalSection(ProjectConfigurationPlatforms) = postSolution
		{D3EFD577-437A-4296-8F42-9E7E82CDFDBE}.Debug|Any CPU.ActiveCfg = Debug|Any CPU
		{D3EFD577-437A-4296-8F42-9E7E82CDFDBE}.Debug|Any CPU.Build.0 = Debug|Any CPU
		{D3EFD577-437A-4296-8F42-9E7E82CDFDBE}.Release|Any CPU.ActiveCfg = Release|Any CPU
		{D3EFD577-437A-4296-8F42-9E7E82CDFDBE}.Release|Any CPU.Build.0 = Release|Any CPU
		{EC9A22C7-AB16-4C5F-8321-23A089592F1D}.Debug|Any CPU.ActiveCfg = Debug|Any CPU
		{EC9A22C7-AB16-4C5F-8321-23A089592F1D}.Debug|Any CPU.Build.0 = Debug|Any CPU
		{EC9A22C7-AB16-4C5F-8321-23A089592F1D}.Debug|Any CPU.Deploy.0 = Debug|Any CPU
		{EC9A22C7-AB16-4C5F-8321-23A089592F1D}.Release|Any CPU.ActiveCfg = Release|Any CPU
		{EC9A22C7-AB16-4C5F-8321-23A089592F1D}.Release|Any CPU.Build.0 = Release|Any CPU
		{EC9A22C7-AB16-4C5F-8321-23A089592F1D}.Release|Any CPU.Deploy.0 = Release|Any CPU
	EndGlobalSection
	GlobalSection(SolutionProperties) = preSolution
		HideSolutionNode = FALSE
	EndGlobalSection
	GlobalSection(ExtensibilityGlobals) = postSolution
		SolutionGuid = {C81457B5-4F2B-4A94-9555-9D7C83AF06ED}
	EndGlobalSection
EndGlobal
